
Microsoft Visual Studio Solution File, Format Version 12.00
# Visual Studio Version 17
VisualStudioVersion = 17.5.002.0
MinimumVisualStudioVersion = 10.0.40219.1
Project("{9A19103F-16F7-4668-BE54-9A1E7A4F7556}") = "Ecommerce", "Ecommerce\Ecommerce.csproj", "{8AA57666-B38E-4A3D-B469-50987CC43DAB}"
EndProject
Global
	GlobalSection(SolutionConfigurationPlatforms) = preSolution
		Debug|Any CPU = Debug|Any CPU
		Release|Any CPU = Release|Any CPU
	EndGlobalSection
	GlobalSection(ProjectConfigurationPlatforms) = postSolution
		{8AA57666-B38E-4A3D-B469-50987CC43DAB}.Debug|Any CPU.ActiveCfg = Debug|Any CPU
		{8AA57666-B38E-4A3D-B469-50987CC43DAB}.Debug|Any CPU.Build.0 = Debug|Any CPU
		{8AA57666-B38E-4A3D-B469-50987CC43DAB}.Release|Any CPU.ActiveCfg = Release|Any CPU
		{8AA57666-B38E-4A3D-B469-50987CC43DAB}.Release|Any CPU.Build.0 = Release|Any CPU
	EndGlobalSection
	GlobalSection(SolutionProperties) = preSolution
		HideSolutionNode = FALSE
	EndGlobalSection
	GlobalSection(ExtensibilityGlobals) = postSolution
		SolutionGuid = {5C9CB540-DD4D-471B-83C1-96C207ED08C4}
	EndGlobalSection
EndGlobal
